# This file is autogenerated, do not edit; changes may be undone by the next 'dep ensure'.


[[projects]]
  branch = "master"
  name = "github.com/icza/mjpeg"
  packages = ["."]
  revision = "85dfbe473743c5a48253effd11423ae2d82ac15b"

[[projects]]
  branch = "master"
  name = "golang.org/x/image"
  packages = ["font","font/basicfont","font/plan9font","math/fixed"]
  revision = "3fc05d484e9f77dd51816890e05f2602e4ca4d65"

[solve-meta]
  analyzer-name = "dep"
  analyzer-version = 1
  inputs-digest = "f54c2787a8c54003c2848cc9e445527a17f2fef8e2b774f1963a5b98aa305278"
  solver-name = "gps-cdcl"
  solver-version = 1
